
Microsoft Visual Studio Solution File, Format Version 12.00
# Visual Studio Version 16
VisualStudioVersion = 16.0.29215.179
MinimumVisualStudioVersion = 10.0.40219.1
Project("{FAE04EC0-301F-11D3-BF4B-00C04F79EFBC}") = "NetFramework", "NetFramework\NetFramework.csproj", "{B3F1DA67-1873-4A4C-AAAA-65F0FD6EBEF1}"
EndProject
Project("{9A19103F-16F7-4668-BE54-9A1E7A4F7556}") = "NetStandard", "NetStandard\NetStandard.csproj", "{31EFF4E4-C8FA-46F6-B297-3B869E29886A}"
EndProject
Project("{FAE04EC0-301F-11D3-BF4B-00C04F79EFBC}") = "Nullability", "Nullability\Nullability.csproj", "{B9F1DAFF-C7E0-43D2-A7D4-1D8EBE5465A7}"
EndProject
Global
	GlobalSection(SolutionConfigurationPlatforms) = preSolution
		Debug|Any CPU = Debug|Any CPU
		Release|Any CPU = Release|Any CPU
	EndGlobalSection
	GlobalSection(ProjectConfigurationPlatforms) = postSolution
		{B3F1DA67-1873-4A4C-AAAA-65F0FD6EBEF1}.Debug|Any CPU.ActiveCfg = Debug|Any CPU
		{B3F1DA67-1873-4A4C-AAAA-65F0FD6EBEF1}.Debug|Any CPU.Build.0 = Debug|Any CPU
		{B3F1DA67-1873-4A4C-AAAA-65F0FD6EBEF1}.Release|Any CPU.ActiveCfg = Release|Any CPU
		{B3F1DA67-1873-4A4C-AAAA-65F0FD6EBEF1}.Release|Any CPU.Build.0 = Release|Any CPU
		{31EFF4E4-C8FA-46F6-B297-3B869E29886A}.Debug|Any CPU.ActiveCfg = Debug|Any CPU
		{31EFF4E4-C8FA-46F6-B297-3B869E29886A}.Debug|Any CPU.Build.0 = Debug|Any CPU
		{31EFF4E4-C8FA-46F6-B297-3B869E29886A}.Release|Any CPU.ActiveCfg = Release|Any CPU
		{31EFF4E4-C8FA-46F6-B297-3B869E29886A}.Release|Any CPU.Build.0 = Release|Any CPU
		{B9F1DAFF-C7E0-43D2-A7D4-1D8EBE5465A7}.Debug|Any CPU.ActiveCfg = Debug|Any CPU
		{B9F1DAFF-C7E0-43D2-A7D4-1D8EBE5465A7}.Debug|Any CPU.Build.0 = Debug|Any CPU
		{B9F1DAFF-C7E0-43D2-A7D4-1D8EBE5465A7}.Release|Any CPU.ActiveCfg = Release|Any CPU
		{B9F1DAFF-C7E0-43D2-A7D4-1D8EBE5465A7}.Release|Any CPU.Build.0 = Release|Any CPU
	EndGlobalSection
	GlobalSection(SolutionProperties) = preSolution
		HideSolutionNode = FALSE
	EndGlobalSection
	GlobalSection(ExtensibilityGlobals) = postSolution
		SolutionGuid = {BA3AAD74-DC39-4F25-BCED-4EEB07651962}
	EndGlobalSection
EndGlobal
